
Microsoft Visual Studio Solution File, Format Version 12.00
# Visual Studio Version 16
VisualStudioVersion = 16.0.30711.63
MinimumVisualStudioVersion = 10.0.40219.1
Project("{FAE04EC0-301F-11D3-BF4B-00C04F79EFBC}") = "Questao22", "Questao22\Questao22.csproj", "{DE8B1031-9D0A-494D-9090-439E9FFCFDC2}"
EndProject
Global
	GlobalSection(SolutionConfigurationPlatforms) = preSolution
		Debug|Any CPU = Debug|Any CPU
		Release|Any CPU = Release|Any CPU
	EndGlobalSection
	GlobalSection(ProjectConfigurationPlatforms) = postSolution
		{DE8B1031-9D0A-494D-9090-439E9FFCFDC2}.Debug|Any CPU.ActiveCfg = Debug|Any CPU
		{DE8B1031-9D0A-494D-9090-439E9FFCFDC2}.Debug|Any CPU.Build.0 = Debug|Any CPU
		{DE8B1031-9D0A-494D-9090-439E9FFCFDC2}.Release|Any CPU.ActiveCfg = Release|Any CPU
		{DE8B1031-9D0A-494D-9090-439E9FFCFDC2}.Release|Any CPU.Build.0 = Release|Any CPU
	EndGlobalSection
	GlobalSection(SolutionProperties) = preSolution
		HideSolutionNode = FALSE
	EndGlobalSection
	GlobalSection(ExtensibilityGlobals) = postSolution
		SolutionGuid = {661EA51F-1D30-4D85-8DBE-43C1371385A8}
	EndGlobalSection
EndGlobal
