
Microsoft Visual Studio Solution File, Format Version 12.00
# Visual Studio Version 16
VisualStudioVersion = 16.0.30717.126
MinimumVisualStudioVersion = 10.0.40219.1
Project("{FAE04EC0-301F-11D3-BF4B-00C04F79EFBC}") = "Questao39", "Questao39\Questao39.csproj", "{DF982346-F19B-41CD-B897-087F6B0AB686}"
EndProject
Global
	GlobalSection(SolutionConfigurationPlatforms) = preSolution
		Debug|Any CPU = Debug|Any CPU
		Release|Any CPU = Release|Any CPU
	EndGlobalSection
	GlobalSection(ProjectConfigurationPlatforms) = postSolution
		{DF982346-F19B-41CD-B897-087F6B0AB686}.Debug|Any CPU.ActiveCfg = Debug|Any CPU
		{DF982346-F19B-41CD-B897-087F6B0AB686}.Debug|Any CPU.Build.0 = Debug|Any CPU
		{DF982346-F19B-41CD-B897-087F6B0AB686}.Release|Any CPU.ActiveCfg = Release|Any CPU
		{DF982346-F19B-41CD-B897-087F6B0AB686}.Release|Any CPU.Build.0 = Release|Any CPU
	EndGlobalSection
	GlobalSection(SolutionProperties) = preSolution
		HideSolutionNode = FALSE
	EndGlobalSection
	GlobalSection(ExtensibilityGlobals) = postSolution
		SolutionGuid = {1E6769E9-480D-41FD-855B-EE035A341FA5}
	EndGlobalSection
EndGlobal
