
Microsoft Visual Studio Solution File, Format Version 12.00
# Visual Studio Version 16
VisualStudioVersion = 16.0.30711.63
MinimumVisualStudioVersion = 10.0.40219.1
Project("{FAE04EC0-301F-11D3-BF4B-00C04F79EFBC}") = "Questao12", "Questao12\Questao12.csproj", "{1B074815-DD97-49AA-ADD3-32B6417DAEAF}"
EndProject
Global
	GlobalSection(SolutionConfigurationPlatforms) = preSolution
		Debug|Any CPU = Debug|Any CPU
		Release|Any CPU = Release|Any CPU
	EndGlobalSection
	GlobalSection(ProjectConfigurationPlatforms) = postSolution
		{1B074815-DD97-49AA-ADD3-32B6417DAEAF}.Debug|Any CPU.ActiveCfg = Debug|Any CPU
		{1B074815-DD97-49AA-ADD3-32B6417DAEAF}.Debug|Any CPU.Build.0 = Debug|Any CPU
		{1B074815-DD97-49AA-ADD3-32B6417DAEAF}.Release|Any CPU.ActiveCfg = Release|Any CPU
		{1B074815-DD97-49AA-ADD3-32B6417DAEAF}.Release|Any CPU.Build.0 = Release|Any CPU
	EndGlobalSection
	GlobalSection(SolutionProperties) = preSolution
		HideSolutionNode = FALSE
	EndGlobalSection
	GlobalSection(ExtensibilityGlobals) = postSolution
		SolutionGuid = {765F494B-0F56-47BA-8C85-87067B095842}
	EndGlobalSection
EndGlobal
