
Microsoft Visual Studio Solution File, Format Version 12.00
# Visual Studio Version 16
VisualStudioVersion = 16.0.30711.63
MinimumVisualStudioVersion = 10.0.40219.1
Project("{FAE04EC0-301F-11D3-BF4B-00C04F79EFBC}") = "Questao35", "Questao35\Questao35.csproj", "{8C8A5670-FDFD-4574-BF45-3E03AB0AE0F8}"
EndProject
Global
	GlobalSection(SolutionConfigurationPlatforms) = preSolution
		Debug|Any CPU = Debug|Any CPU
		Release|Any CPU = Release|Any CPU
	EndGlobalSection
	GlobalSection(ProjectConfigurationPlatforms) = postSolution
		{8C8A5670-FDFD-4574-BF45-3E03AB0AE0F8}.Debug|Any CPU.ActiveCfg = Debug|Any CPU
		{8C8A5670-FDFD-4574-BF45-3E03AB0AE0F8}.Debug|Any CPU.Build.0 = Debug|Any CPU
		{8C8A5670-FDFD-4574-BF45-3E03AB0AE0F8}.Release|Any CPU.ActiveCfg = Release|Any CPU
		{8C8A5670-FDFD-4574-BF45-3E03AB0AE0F8}.Release|Any CPU.Build.0 = Release|Any CPU
	EndGlobalSection
	GlobalSection(SolutionProperties) = preSolution
		HideSolutionNode = FALSE
	EndGlobalSection
	GlobalSection(ExtensibilityGlobals) = postSolution
		SolutionGuid = {A3C262CE-5595-4EB8-BEEB-B58180A149DC}
	EndGlobalSection
EndGlobal
