
Microsoft Visual Studio Solution File, Format Version 12.00
# Visual Studio Version 16
VisualStudioVersion = 16.0.30711.63
MinimumVisualStudioVersion = 10.0.40219.1
Project("{FAE04EC0-301F-11D3-BF4B-00C04F79EFBC}") = "Questao24", "Questao24\Questao24.csproj", "{F3BEA58D-CAAA-4FB9-BC97-1FD68D461EF4}"
EndProject
Global
	GlobalSection(SolutionConfigurationPlatforms) = preSolution
		Debug|Any CPU = Debug|Any CPU
		Release|Any CPU = Release|Any CPU
	EndGlobalSection
	GlobalSection(ProjectConfigurationPlatforms) = postSolution
		{F3BEA58D-CAAA-4FB9-BC97-1FD68D461EF4}.Debug|Any CPU.ActiveCfg = Debug|Any CPU
		{F3BEA58D-CAAA-4FB9-BC97-1FD68D461EF4}.Debug|Any CPU.Build.0 = Debug|Any CPU
		{F3BEA58D-CAAA-4FB9-BC97-1FD68D461EF4}.Release|Any CPU.ActiveCfg = Release|Any CPU
		{F3BEA58D-CAAA-4FB9-BC97-1FD68D461EF4}.Release|Any CPU.Build.0 = Release|Any CPU
	EndGlobalSection
	GlobalSection(SolutionProperties) = preSolution
		HideSolutionNode = FALSE
	EndGlobalSection
	GlobalSection(ExtensibilityGlobals) = postSolution
		SolutionGuid = {237633BE-C33B-467A-B3B8-2597624A9307}
	EndGlobalSection
EndGlobal
